
Microsoft Visual Studio Solution File, Format Version 12.00
# Visual Studio Version 16
VisualStudioVersion = 16.0.34301.259
MinimumVisualStudioVersion = 10.0.40219.1
Project("{FAE04EC0-301F-11D3-BF4B-00C04F79EFBC}") = "AdministrationWPF", "AdministrationWPF\AdministrationWPF.csproj", "{D80C10EC-6D9F-4112-9AFB-1DF83EBB14F9}"
EndProject
Project("{54435603-DBB4-11D2-8724-00A0C9A8B90C}") = "Admin", "Admin\Admin.vdproj", "{819F6B59-E057-4C0C-8312-1331D24E6DE9}"
EndProject
Global
	GlobalSection(SolutionConfigurationPlatforms) = preSolution
		Debug|Any CPU = Debug|Any CPU
		Release|Any CPU = Release|Any CPU
	EndGlobalSection
	GlobalSection(ProjectConfigurationPlatforms) = postSolution
		{D80C10EC-6D9F-4112-9AFB-1DF83EBB14F9}.Debug|Any CPU.ActiveCfg = Debug|Any CPU
		{D80C10EC-6D9F-4112-9AFB-1DF83EBB14F9}.Debug|Any CPU.Build.0 = Debug|Any CPU
		{D80C10EC-6D9F-4112-9AFB-1DF83EBB14F9}.Release|Any CPU.ActiveCfg = Release|Any CPU
		{D80C10EC-6D9F-4112-9AFB-1DF83EBB14F9}.Release|Any CPU.Build.0 = Release|Any CPU
		{819F6B59-E057-4C0C-8312-1331D24E6DE9}.Debug|Any CPU.ActiveCfg = Debug
		{819F6B59-E057-4C0C-8312-1331D24E6DE9}.Release|Any CPU.ActiveCfg = Release
	EndGlobalSection
	GlobalSection(SolutionProperties) = preSolution
		HideSolutionNode = FALSE
	EndGlobalSection
	GlobalSection(ExtensibilityGlobals) = postSolution
		SolutionGuid = {433FD5C1-7FE7-4725-A2F0-876BAE011A69}
	EndGlobalSection
EndGlobal
